
Microsoft Visual Studio Solution File, Format Version 12.00
# Visual Studio Version 17
VisualStudioVersion = 17.3.32825.248
MinimumVisualStudioVersion = 10.0.40219.1
Project("{FAE04EC0-301F-11D3-BF4B-00C04F79EFBC}") = "HilosForm", "HilosForm\HilosForm.csproj", "{87C8884F-00C5-469C-ADEB-17C7A169462D}"
EndProject
Global
	GlobalSection(SolutionConfigurationPlatforms) = preSolution
		Debug|Any CPU = Debug|Any CPU
		Release|Any CPU = Release|Any CPU
	EndGlobalSection
	GlobalSection(ProjectConfigurationPlatforms) = postSolution
		{87C8884F-00C5-469C-ADEB-17C7A169462D}.Debug|Any CPU.ActiveCfg = Debug|Any CPU
		{87C8884F-00C5-469C-ADEB-17C7A169462D}.Debug|Any CPU.Build.0 = Debug|Any CPU
		{87C8884F-00C5-469C-ADEB-17C7A169462D}.Release|Any CPU.ActiveCfg = Release|Any CPU
		{87C8884F-00C5-469C-ADEB-17C7A169462D}.Release|Any CPU.Build.0 = Release|Any CPU
	EndGlobalSection
	GlobalSection(SolutionProperties) = preSolution
		HideSolutionNode = FALSE
	EndGlobalSection
	GlobalSection(ExtensibilityGlobals) = postSolution
		SolutionGuid = {C7D9F37C-594A-4A16-9584-81A7C1414B21}
	EndGlobalSection
EndGlobal
